<?xml version="1.0" encoding="utf-8"?>
<Project ToolsVersion="4.0" xmlns="http://schemas.microsoft.com/developer/msbuild/2003">
  <ItemGroup>
    <Filter Include="Source Files">
      <UniqueIdentifier>{4FC737F1-C7A5-4376-A066-2A32D752A2FF}</UniqueIdentifier>
      <Extensions>cpp;c;cc;cxx;c++;cppm;ixx;def;odl;idl;hpj;bat;asm;asmx</Extensions>
    </Filter>
    <Filter Include="Header Files">
      <UniqueIdentifier>{93995380-89BD-4b04-88EB-625FBE52EBFB}</UniqueIdentifier>
      <Extensions>h;hh;hpp;hxx;h++;hm;inl;inc;ipp;xsd</Extensions>
    </Filter>
    <Filter Include="Resource Files">
      <UniqueIdentifier>{67DA6AB6-F800-4c08-8B7A-83BB121AAD01}</UniqueIdentifier>
      <Extensions>rc;ico;cur;bmp;dlg;rc2;rct;bin;rgs;gif;jpg;jpeg;jpe;resx;tiff;tif;png;wav;mfcribbon-ms</Extensions>
    </Filter>
    <Filter Include="RenderManager">
      <UniqueIdentifier>{972a800d-3e3c-4a6b-b8c8-14d368a71cef}</UniqueIdentifier>
    </Filter>
    <Filter Include="RenderManager\Shaders">
      <UniqueIdentifier>{27864169-9a84-4fd0-a345-5eebaf62596f}</UniqueIdentifier>
    </Filter>
    <Filter Include="ObjectManager">
      <UniqueIdentifier>{9a7be17e-6095-4d9b-b0c5-31b262cae02a}</UniqueIdentifier>
    </Filter>
    <Filter Include="Components">
      <UniqueIdentifier>{17b99768-6eea-4fd3-a545-08d869d82ade}</UniqueIdentifier>
    </Filter>
    <Filter Include="Math">
      <UniqueIdentifier>{8adbadca-c028-4de1-b27c-3320ee4dfa0a}</UniqueIdentifier>
    </Filter>
    <Filter Include="Levels">
      <UniqueIdentifier>{6ae9c20c-1bb7-499e-bc41-a9d65393033b}</UniqueIdentifier>
    </Filter>
    <Filter Include="InputManager">
      <UniqueIdentifier>{ba47f692-1cc0-4ee6-bbfc-ab5ef749a238}</UniqueIdentifier>
    </Filter>
  </ItemGroup>
  <ItemGroup>
    <ClInclude Include="framework.h">
      <Filter>Header Files</Filter>
    </ClInclude>
    <ClInclude Include="targetver.h">
      <Filter>Header Files</Filter>
    </ClInclude>
    <ClInclude Include="Resource.h">
      <Filter>Header Files</Filter>
    </ClInclude>
    <ClInclude Include="PassPro.h">
      <Filter>Header Files</Filter>
    </ClInclude>
    <ClInclude Include="RenderManager\RenderManager.h">
      <Filter>RenderManager</Filter>
    </ClInclude>
    <ClInclude Include="ObjectManager\ObjectManager.h">
      <Filter>ObjectManager</Filter>
    </ClInclude>
    <ClInclude Include="Components\Component.h">
      <Filter>Components</Filter>
    </ClInclude>
    <ClInclude Include="ObjectManager\Object.h">
      <Filter>ObjectManager</Filter>
    </ClInclude>
    <ClInclude Include="Components\RenderingComponent.h">
      <Filter>Components</Filter>
    </ClInclude>
    <ClInclude Include="RenderManager\Mesh.h">
      <Filter>RenderManager</Filter>
    </ClInclude>
    <ClInclude Include="Math\VectorLibrary.h">
      <Filter>Math</Filter>
    </ClInclude>
    <ClInclude Include="Math\Transform.h">
      <Filter>Math</Filter>
    </ClInclude>
    <ClInclude Include="WorldSize.h">
      <Filter>Header Files</Filter>
    </ClInclude>
    <ClInclude Include="ObjectManager\LevelManager.h">
      <Filter>ObjectManager</Filter>
    </ClInclude>
    <ClInclude Include="ObjectManager\Level.h">
      <Filter>ObjectManager</Filter>
    </ClInclude>
    <ClInclude Include="Levels\PlaygroundLevel.h">
      <Filter>Levels</Filter>
    </ClInclude>
    <ClInclude Include="InputManager\InputManager.h">
      <Filter>InputManager</Filter>
    </ClInclude>
    <ClInclude Include="Delegate.h">
      <Filter>Header Files</Filter>
    </ClInclude>
    <ClInclude Include="Components\MovementComponent2D.h">
      <Filter>Components</Filter>
    </ClInclude>
  </ItemGroup>
  <ItemGroup>
    <ClCompile Include="PassPro.cpp">
      <Filter>Source Files</Filter>
    </ClCompile>
    <ClCompile Include="RenderManager\RenderManager.cpp">
      <Filter>RenderManager</Filter>
    </ClCompile>
    <ClCompile Include="ObjectManager\Object.cpp">
      <Filter>ObjectManager</Filter>
    </ClCompile>
    <ClCompile Include="ObjectManager\ObjectManager.cpp">
      <Filter>ObjectManager</Filter>
    </ClCompile>
    <ClCompile Include="RenderManager\Mesh.cpp">
      <Filter>RenderManager</Filter>
    </ClCompile>
    <ClCompile Include="Components\RenderingComponent.cpp">
      <Filter>Components</Filter>
    </ClCompile>
    <ClCompile Include="Math\Transform.cpp">
      <Filter>Math</Filter>
    </ClCompile>
    <ClCompile Include="Math\VectorLibrary.cpp">
      <Filter>Math</Filter>
    </ClCompile>
    <ClCompile Include="ObjectManager\LevelManager.cpp">
      <Filter>ObjectManager</Filter>
    </ClCompile>
    <ClCompile Include="ObjectManager\Level.cpp">
      <Filter>ObjectManager</Filter>
    </ClCompile>
    <ClCompile Include="Levels\PlaygroundLevel.cpp">
      <Filter>Levels</Filter>
    </ClCompile>
    <ClCompile Include="InputManager\InputManager.cpp">
      <Filter>InputManager</Filter>
    </ClCompile>
    <ClCompile Include="Delegate.cpp">
      <Filter>Source Files</Filter>
    </ClCompile>
    <ClCompile Include="Components\MovementComponent2D.cpp">
      <Filter>Components</Filter>
    </ClCompile>
  </ItemGroup>
  <ItemGroup>
    <ResourceCompile Include="PassPro.rc">
      <Filter>Resource Files</Filter>
    </ResourceCompile>
  </ItemGroup>
  <ItemGroup>
    <Image Include="small.ico">
      <Filter>Resource Files</Filter>
    </Image>
    <Image Include="PassPro.ico">
      <Filter>Resource Files</Filter>
    </Image>
  </ItemGroup>
  <ItemGroup>
    <FxCompile Include="RenderManager\Shaders\PS_Default.hlsl">
      <Filter>RenderManager\Shaders</Filter>
    </FxCompile>
    <FxCompile Include="RenderManager\Shaders\VS_Default.hlsl">
      <Filter>RenderManager\Shaders</Filter>
    </FxCompile>
    <FxCompile Include="RenderManager\Shaders\VS_Debug2D.hlsl">
      <Filter>RenderManager\Shaders</Filter>
    </FxCompile>
  </ItemGroup>
</Project>